// !$*UTF8*$!
{
	archiveVersion = 1;
	classes = {
	};
	objectVersion = 50;
	objects = {

/* Begin PBXBuildFile section */
		7706657B207CF3F900E645EE /* AppDelegate.swift in Sources */ = {isa = PBXBuildFile; fileRef = 7706657A207CF3F900E645EE /* AppDelegate.swift */; };
		7706657D207CF3F900E645EE /* ViewController.swift in Sources */ = {isa = PBXBuildFile; fileRef = 7706657C207CF3F900E645EE /* ViewController.swift */; };
		77066580207CF3F900E645EE /* Main.storyboard in Resources */ = {isa = PBXBuildFile; fileRef = 7706657E207CF3F900E645EE /* Main.storyboard */; };
		77066582207CF3F900E645EE /* Assets.xcassets in Resources */ = {isa = PBXBuildFile; fileRef = 77066581207CF3F900E645EE /* Assets.xcassets */; };
		77066585207CF3F900E645EE /* LaunchScreen.storyboard in Resources */ = {isa = PBXBuildFile; fileRef = 77066583207CF3F900E645EE /* LaunchScreen.storyboard */; };
		7719F776207E3DD80060771F /* IMG_4154.jpg in Resources */ = {isa = PBXBuildFile; fileRef = 7719F76F207E3DD70060771F /* IMG_4154.jpg */; };
		7719F777207E3DD80060771F /* IMG_4161.jpg in Resources */ = {isa = PBXBuildFile; fileRef = 7719F770207E3DD70060771F /* IMG_4161.jpg */; };
		7719F778207E3DD80060771F /* IMG_4157.jpg in Resources */ = {isa = PBXBuildFile; fileRef = 7719F771207E3DD70060771F /* IMG_4157.jpg */; };
		7719F779207E3DD80060771F /* IMG_4159.jpg in Resources */ = {isa = PBXBuildFile; fileRef = 7719F772207E3DD70060771F /* IMG_4159.jpg */; };
		7719F77A207E3DD80060771F /* IMG_4156.jpg in Resources */ = {isa = PBXBuildFile; fileRef = 7719F773207E3DD80060771F /* IMG_4156.jpg */; };
		7719F77B207E3DD80060771F /* IMG_4160.jpg in Resources */ = {isa = PBXBuildFile; fileRef = 7719F774207E3DD80060771F /* IMG_4160.jpg */; };
		7719F77C207E3DD80060771F /* IMG_4155.jpg in Resources */ = {isa = PBXBuildFile; fileRef = 7719F775207E3DD80060771F /* IMG_4155.jpg */; };
		77F47EC7207DEEE800911468 /* ResultViewController.swift in Sources */ = {isa = PBXBuildFile; fileRef = 77F47EC6207DEEE800911468 /* ResultViewController.swift */; };
/* End PBXBuildFile section */

/* Begin PBXFileReference section */
		77066577207CF3F900E645EE /* SlideshowApp.app */ = {isa = PBXFileReference; explicitFileType = wrapper.application; includeInIndex = 0; path = SlideshowApp.app; sourceTree = BUILT_PRODUCTS_DIR; };
		7706657A207CF3F900E645EE /* AppDelegate.swift */ = {isa = PBXFileReference; lastKnownFileType = sourcecode.swift; path = AppDelegate.swift; sourceTree = "<group>"; };
		7706657C207CF3F900E645EE /* ViewController.swift */ = {isa = PBXFileReference; lastKnownFileType = sourcecode.swift; path = ViewController.swift; sourceTree = "<group>"; };
		7706657F207CF3F900E645EE /* Base */ = {isa = PBXFileReference; lastKnownFileType = file.storyboard; name = Base; path = Base.lproj/Main.storyboard; sourceTree = "<group>"; };
		77066581207CF3F900E645EE /* Assets.xcassets */ = {isa = PBXFileReference; lastKnownFileType = folder.assetcatalog; path = Assets.xcassets; sourceTree = "<group>"; };
		77066584207CF3F900E645EE /* Base */ = {isa = PBXFileReference; lastKnownFileType = file.storyboard; name = Base; path = Base.lproj/LaunchScreen.storyboard; sourceTree = "<group>"; };
		77066586207CF3F900E645EE /* Info.plist */ = {isa = PBXFileReference; lastKnownFileType = text.plist.xml; path = Info.plist; sourceTree = "<group>"; };
		7719F76F207E3DD70060771F /* IMG_4154.jpg */ = {isa = PBXFileReference; lastKnownFileType = image.jpeg; path = IMG_4154.jpg; sourceTree = "<group>"; };
		7719F770207E3DD70060771F /* IMG_4161.jpg */ = {isa = PBXFileReference; lastKnownFileType = image.jpeg; path = IMG_4161.jpg; sourceTree = "<group>"; };
		7719F771207E3DD70060771F /* IMG_4157.jpg */ = {isa = PBXFileReference; lastKnownFileType = image.jpeg; path = IMG_4157.jpg; sourceTree = "<group>"; };
		7719F772207E3DD70060771F /* IMG_4159.jpg */ = {isa = PBXFileReference; lastKnownFileType = image.jpeg; path = IMG_4159.jpg; sourceTree = "<group>"; };
		7719F773207E3DD80060771F /* IMG_4156.jpg */ = {isa = PBXFileReference; lastKnownFileType = image.jpeg; path = IMG_4156.jpg; sourceTree = "<group>"; };
		7719F774207E3DD80060771F /* IMG_4160.jpg */ = {isa = PBXFileReference; lastKnownFileType = image.jpeg; path = IMG_4160.jpg; sourceTree = "<group>"; };
		7719F775207E3DD80060771F /* IMG_4155.jpg */ = {isa = PBXFileReference; lastKnownFileType = image.jpeg; path = IMG_4155.jpg; sourceTree = "<group>"; };
		77F47EC6207DEEE800911468 /* ResultViewController.swift */ = {isa = PBXFileReference; lastKnownFileType = sourcecode.swift; path = ResultViewController.swift; sourceTree = "<group>"; };
/* End PBXFileReference section */

/* Begin PBXFrameworksBuildPhase section */
		77066574207CF3F900E645EE /* Frameworks */ = {
			isa = PBXFrameworksBuildPhase;
			buildActionMask = 2147483647;
			files = (
			);
			runOnlyForDeploymentPostprocessing = 0;
		};
/* End PBXFrameworksBuildPhase section */

/* Begin PBXGroup section */
		7706656E207CF3F900E645EE = {
			isa = PBXGroup;
			children = (
				77066579207CF3F900E645EE /* SlideshowApp */,
				77066578207CF3F900E645EE /* Products */,
			);
			sourceTree = "<group>";
		};
		77066578207CF3F900E645EE /* Products */ = {
			isa = PBXGroup;
			children = (
				77066577207CF3F900E645EE /* SlideshowApp.app */,
			);
			name = Products;
			sourceTree = "<group>";
		};
		77066579207CF3F900E645EE /* SlideshowApp */ = {
			isa = PBXGroup;
			children = (
				7706657A207CF3F900E645EE /* AppDelegate.swift */,
				7706657C207CF3F900E645EE /* ViewController.swift */,
				7706657E207CF3F900E645EE /* Main.storyboard */,
				7719F76F207E3DD70060771F /* IMG_4154.jpg */,
				7719F775207E3DD80060771F /* IMG_4155.jpg */,
				7719F773207E3DD80060771F /* IMG_4156.jpg */,
				7719F771207E3DD70060771F /* IMG_4157.jpg */,
				7719F772207E3DD70060771F /* IMG_4159.jpg */,
				7719F774207E3DD80060771F /* IMG_4160.jpg */,
				7719F770207E3DD70060771F /* IMG_4161.jpg */,
				77066581207CF3F900E645EE /* Assets.xcassets */,
				77066583207CF3F900E645EE /* LaunchScreen.storyboard */,
				77066586207CF3F900E645EE /* Info.plist */,
				77F47EC6207DEEE800911468 /* ResultViewController.swift */,
			);
			path = SlideshowApp;
			sourceTree = "<group>";
		};
/* End PBXGroup section */

/* Begin PBXNativeTarget section */
		77066576207CF3F900E645EE /* SlideshowApp */ = {
			isa = PBXNativeTarget;
			buildConfigurationList = 77066589207CF3F900E645EE /* Build configuration list for PBXNativeTarget "SlideshowApp" */;
			buildPhases = (
				77066573207CF3F900E645EE /* Sources */,
				77066574207CF3F900E645EE /* Frameworks */,
				77066575207CF3F900E645EE /* Resources */,
			);
			buildRules = (
			);
			dependencies = (
			);
			name = SlideshowApp;
			productName = SlideshowApp;
			productReference = 77066577207CF3F900E645EE /* SlideshowApp.app */;
			productType = "com.apple.product-type.application";
		};
/* End PBXNativeTarget section */

/* Begin PBXProject section */
		7706656F207CF3F900E645EE /* Project object */ = {
			isa = PBXProject;
			attributes = {
				LastSwiftUpdateCheck = 0930;
				LastUpgradeCheck = 0930;
				ORGANIZATIONNAME = yuki.okuda;
				TargetAttributes = {
					77066576207CF3F900E645EE = {
						CreatedOnToolsVersion = 9.3;
					};
				};
			};
			buildConfigurationList = 77066572207CF3F900E645EE /* Build configuration list for PBXProject "SlideshowApp" */;
			compatibilityVersion = "Xcode 9.3";
			developmentRegion = en;
			hasScannedForEncodings = 0;
			knownRegions = (
				en,
				Base,
			);
			mainGroup = 7706656E207CF3F900E645EE;
			productRefGroup = 77066578207CF3F900E645EE /* Products */;
			projectDirPath = "";
			projectRoot = "";
			targets = (
				77066576207CF3F900E645EE /* SlideshowApp */,
			);
		};
/* End PBXProject section */

/* Begin PBXResourcesBuildPhase section */
		77066575207CF3F900E645EE /* Resources */ = {
			isa = PBXResourcesBuildPhase;
			buildActionMask = 2147483647;
			files = (
				7719F77C207E3DD80060771F /* IMG_4155.jpg in Resources */,
				7719F778207E3DD80060771F /* IMG_4157.jpg in Resources */,
				7719F777207E3DD80060771F /* IMG_4161.jpg in Resources */,
				7719F779207E3DD80060771F /* IMG_4159.jpg in Resources */,
				77066585207CF3F900E645EE /* LaunchScreen.storyboard in Resources */,
				7719F776207E3DD80060771F /* IMG_4154.jpg in Resources */,
				77066582207CF3F900E645EE /* Assets.xcassets in Resources */,
				7719F77B207E3DD80060771F /* IMG_4160.jpg in Resources */,
				77066580207CF3F900E645EE /* Main.storyboard in Resources */,
				7719F77A207E3DD80060771F /* IMG_4156.jpg in Resources */,
			);
			runOnlyForDeploymentPostprocessing = 0;
		};
/* End PBXResourcesBuildPhase section */

/* Begin PBXSourcesBuildPhase section */
		77066573207CF3F900E645EE /* Sources */ = {
			isa = PBXSourcesBuildPhase;
			buildActionMask = 2147483647;
			files = (
				7706657D207CF3F900E645EE /* ViewController.swift in Sources */,
				77F47EC7207DEEE800911468 /* ResultViewController.swift in Sources */,
				7706657B207CF3F900E645EE /* AppDelegate.swift in Sources */,
			);
			runOnlyForDeploymentPostprocessing = 0;
		};
/* End PBXSourcesBuildPhase section */

/* Begin PBXVariantGroup section */
		7706657E207CF3F900E645EE /* Main.storyboard */ = {
			isa = PBXVariantGroup;
			children = (
				7706657F207CF3F900E645EE /* Base */,
			);
			name = Main.storyboard;
			sourceTree = "<group>";
		};
		77066583207CF3F900E645EE /* LaunchScreen.storyboard */ = {
			isa = PBXVariantGroup;
			children = (
				77066584207CF3F900E645EE /* Base */,
			);
			name = LaunchScreen.storyboard;
			sourceTree = "<group>";
		};
/* End PBXVariantGroup section */

/* Begin XCBuildConfiguration section */
		77066587207CF3F900E645EE /* Debug */ = {
			isa = XCBuildConfiguration;
			buildSettings = {
				ALWAYS_SEARCH_USER_PATHS = NO;
				CLANG_ANALYZER_NONNULL = YES;
				CLANG_ANALYZER_NUMBER_OBJECT_CONVERSION = YES_AGGRESSIVE;
				CLANG_CXX_LANGUAGE_STANDARD = "gnu++14";
				CLANG_CXX_LIBRARY = "libc++";
				CLANG_ENABLE_MODULES = YES;
				CLANG_ENABLE_OBJC_ARC = YES;
				CLANG_ENABLE_OBJC_WEAK = YES;
				CLANG_WARN_BLOCK_CAPTURE_AUTORELEASING = YES;
				CLANG_WARN_BOOL_CONVERSION = YES;
				CLANG_WARN_COMMA = YES;
				CLANG_WARN_CONSTANT_CONVERSION = YES;
				CLANG_WARN_DEPRECATED_OBJC_IMPLEMENTATIONS = YES;
				CLANG_WARN_DIRECT_OBJC_ISA_USAGE = YES_ERROR;
				CLANG_WARN_DOCUMENTATION_COMMENTS = YES;
				CLANG_WARN_EMPTY_BODY = YES;
				CLANG_WARN_ENUM_CONVERSION = YES;
				CLANG_WARN_INFINITE_RECURSION = YES;
				CLANG_WARN_INT_CONVERSION = YES;
				CLANG_WARN_NON_LITERAL_NULL_CONVERSION = YES;
				CLANG_WARN_OBJC_IMPLICIT_RETAIN_SELF = YES;
				CLANG_WARN_OBJC_LITERAL_CONVERSION = YES;
				CLANG_WARN_OBJC_ROOT_CLASS = YES_ERROR;
				CLANG_WARN_RANGE_LOOP_ANALYSIS = YES;
				CLANG_WARN_STRICT_PROTOTYPES = YES;
				CLANG_WARN_SUSPICIOUS_MOVE = YES;
				CLANG_WARN_UNGUARDED_AVAILABILITY = YES_AGGRESSIVE;
				CLANG_WARN_UNREACHABLE_CODE = YES;
				CLANG_WARN__DUPLICATE_METHOD_MATCH = YES;
				CODE_SIGN_IDENTITY = "iPhone Developer";
				COPY_PHASE_STRIP = NO;
				DEBUG_INFORMATION_FORMAT = dwarf;
				ENABLE_STRICT_OBJC_MSGSEND = YES;
				ENABLE_TESTABILITY = YES;
				GCC_C_LANGUAGE_STANDARD = gnu11;
				GCC_DYNAMIC_NO_PIC = NO;
				GCC_NO_COMMON_BLOCKS = YES;
				GCC_OPTIMIZATION_LEVEL = 0;
				GCC_PREPROCESSOR_DEFINITIONS = (
					"DEBUG=1",
					"$(inherited)",
				);
				GCC_WARN_64_TO_32_BIT_CONVERSION = YES;
				GCC_WARN_ABOUT_RETURN_TYPE = YES_ERROR;
				GCC_WARN_UNDECLARED_SELECTOR = YES;
				GCC_WARN_UNINITIALIZED_AUTOS = YES_AGGRESSIVE;
				GCC_WARN_UNUSED_FUNCTION = YES;
				GCC_WARN_UNUSED_VARIABLE = YES;
				IPHONEOS_DEPLOYMENT_TARGET = 11.3;
				MTL_ENABLE_DEBUG_INFO = YES;
				ONLY_ACTIVE_ARCH = YES;
				SDKROOT = iphoneos;
				SWIFT_ACTIVE_COMPILATION_CONDITIONS = DEBUG;
				SWIFT_OPTIMIZATION_LEVEL = "-Onone";
			};
			name = Debug;
		};
		77066588207CF3F900E645EE /* Release */ = {
			isa = XCBuildConfiguration;
			buildSettings = {
				ALWAYS_SEARCH_USER_PATHS = NO;
				CLANG_ANALYZER_NONNULL = YES;
				CLANG_ANALYZER_NUMBER_OBJECT_CONVERSION = YES_AGGRESSIVE;
				CLANG_CXX_LANGUAGE_STANDARD = "gnu++14";
				CLANG_CXX_LIBRARY = "libc++";
				CLANG_ENABLE_MODULES = YES;
				CLANG_ENABLE_OBJC_ARC = YES;
				CLANG_ENABLE_OBJC_WEAK = YES;
				CLANG_WARN_BLOCK_CAPTURE_AUTORELEASING = YES;
				CLANG_WARN_BOOL_CONVERSION = YES;
				CLANG_WARN_COMMA = YES;
				CLANG_WARN_CONSTANT_CONVERSION = YES;
				CLANG_WARN_DEPRECATED_OBJC_IMPLEMENTATIONS = YES;
				CLANG_WARN_DIRECT_OBJC_ISA_USAGE = YES_ERROR;
				CLANG_WARN_DOCUMENTATION_COMMENTS = YES;
				CLANG_WARN_EMPTY_BODY = YES;
				CLANG_WARN_ENUM_CONVERSION = YES;
				CLANG_WARN_INFINITE_RECURSION = YES;
				CLANG_WARN_INT_CONVERSION = YES;
				CLANG_WARN_NON_LITERAL_NULL_CONVERSION = YES;
				CLANG_WARN_OBJC_IMPLICIT_RETAIN_SELF = YES;
				CLANG_WARN_OBJC_LITERAL_CONVERSION = YES;
				CLANG_WARN_OBJC_ROOT_CLASS = YES_ERROR;
				CLANG_WARN_RANGE_LOOP_ANALYSIS = YES;
				CLANG_WARN_STRICT_PROTOTYPES = YES;
				CLANG_WARN_SUSPICIOUS_MOVE = YES;
				CLANG_WARN_UNGUARDED_AVAILABILITY = YES_AGGRESSIVE;
				CLANG_WARN_UNREACHABLE_CODE = YES;
				CLANG_WARN__DUPLICATE_METHOD_MATCH = YES;
				CODE_SIGN_IDENTITY = "iPhone Developer";
				COPY_PHASE_STRIP = NO;
				DEBUG_INFORMATION_FORMAT = "dwarf-with-dsym";
				ENABLE_NS_ASSERTIONS = NO;
				ENABLE_STRICT_OBJC_MSGSEND = YES;
				GCC_C_LANGUAGE_STANDARD = gnu11;
				GCC_NO_COMMON_BLOCKS = YES;
				GCC_WARN_64_TO_32_BIT_CONVERSION = YES;
				GCC_WARN_ABOUT_RETURN_TYPE = YES_ERROR;
				GCC_WARN_UNDECLARED_SELECTOR = YES;
				GCC_WARN_UNINITIALIZED_AUTOS = YES_AGGRESSIVE;
				GCC_WARN_UNUSED_FUNCTION = YES;
				GCC_WARN_UNUSED_VARIABLE = YES;
				IPHONEOS_DEPLOYMENT_TARGET = 11.3;
				MTL_ENABLE_DEBUG_INFO = NO;
				SDKROOT = iphoneos;
				SWIFT_COMPILATION_MODE = wholemodule;
				SWIFT_OPTIMIZATION_LEVEL = "-O";
				VALIDATE_PRODUCT = YES;
			};
			name = Release;
		};
		7706658A207CF3F900E645EE /* Debug */ = {
			isa = XCBuildConfiguration;
			buildSettings = {
				ASSETCATALOG_COMPILER_APPICON_NAME = AppIcon;
				CODE_SIGN_STYLE = Automatic;
				DEVELOPMENT_TEAM = M6XKM2WSSQ;
				INFOPLIST_FILE = SlideshowApp/Info.plist;
				LD_RUNPATH_SEARCH_PATHS = (
					"$(inherited)",
					"@executable_path/Frameworks",
				);
				PRODUCT_BUNDLE_IDENTIFIER = jp.techacademy.yuki.okuda.SlideshowApp;
				PRODUCT_NAME = "$(TARGET_NAME)";
				SWIFT_VERSION = 4.0;
				TARGETED_DEVICE_FAMILY = "1,2";
			};
			name = Debug;
		};
		7706658B207CF3F900E645EE /* Release */ = {
			isa = XCBuildConfiguration;
			buildSettings = {
				ASSETCATALOG_COMPILER_APPICON_NAME = AppIcon;
				CODE_SIGN_STYLE = Automatic;
				DEVELOPMENT_TEAM = M6XKM2WSSQ;
				INFOPLIST_FILE = SlideshowApp/Info.plist;
				LD_RUNPATH_SEARCH_PATHS = (
					"$(inherited)",
					"@executable_path/Frameworks",
				);
				PRODUCT_BUNDLE_IDENTIFIER = jp.techacademy.yuki.okuda.SlideshowApp;
				PRODUCT_NAME = "$(TARGET_NAME)";
				SWIFT_VERSION = 4.0;
				TARGETED_DEVICE_FAMILY = "1,2";
			};
			name = Release;
		};
/* End XCBuildConfiguration section */

/* Begin XCConfigurationList section */
		77066572207CF3F900E645EE /* Build configuration list for PBXProject "SlideshowApp" */ = {
			isa = XCConfigurationList;
			buildConfigurations = (
				77066587207CF3F900E645EE /* Debug */,
				77066588207CF3F900E645EE /* Release */,
			);
			defaultConfigurationIsVisible = 0;
			defaultConfigurationName = Release;
		};
		77066589207CF3F900E645EE /* Build configuration list for PBXNativeTarget "SlideshowApp" */ = {
			isa = XCConfigurationList;
			buildConfigurations = (
				7706658A207CF3F900E645EE /* Debug */,
				7706658B207CF3F900E645EE /* Release */,
			);
			defaultConfigurationIsVisible = 0;
			defaultConfigurationName = Release;
		};
/* End XCConfigurationList section */
	};
	rootObject = 7706656F207CF3F900E645EE /* Project object */;
}
